PODS:
  - AFNetworking (3.0.4):
    - AFNetworking/NSURLSession (= 3.0.4)
    - AFNetworking/Reachability (= 3.0.4)
    - AFNetworking/Security (= 3.0.4)
    - AFNetworking/Serialization (= 3.0.4)
    - AFNetworking/UIKit (= 3.0.4)
  - AFNetworking/NSURLSession (3.0.4):
    - AFNetworking/Reachability
    - AFNetworking/Security
    - AFNetworking/Serialization
  - AFNetworking/Reachability (3.0.4)
  - AFNetworking/Security (3.0.4)
  - AFNetworking/Serialization (3.0.4)
  - AFNetworking/UIKit (3.0.4):
    - AFNetworking/NSURLSession
  - Masonry (0.6.4)
  - MJExtension (3.0.13)
  - MLTransition (2.1.2)
  - MMDrawerController (0.6.0):
    - MMDrawerController/Core (= 0.6.0)
    - MMDrawerController/MMDrawerBarButtonItem (= 0.6.0)
    - MMDrawerController/MMDrawerVisualStates (= 0.6.0)
    - MMDrawerController/Subclass (= 0.6.0)
  - MMDrawerController/Core (0.6.0)
  - MMDrawerController/MMDrawerBarButtonItem (0.6.0):
    - MMDrawerController/Core
  - MMDrawerController/MMDrawerVisualStates (0.6.0):
    - MMDrawerController/Core
  - MMDrawerController/Subclass (0.6.0):
    - MMDrawerController/Core
  - SDWebImage (3.7.6):
    - SDWebImage/Core (= 3.7.6)
  - SDWebImage/Core (3.7.6)
  - TPKeyboardAvoiding (1.2.11)
  - UITableView+FDTemplateLayoutCell (1.4)

DEPENDENCIES:
  - AFNetworking (~> 3.0.4)
  - Masonry (~> 0.6.4)
  - MJExtension (~> 3.0.13)
  - MLTransition (~> 2.1.2)
  - MMDrawerController (~> 0.6.0)
  - SDWebImage (~> 3.7.2)
  - TPKeyboardAvoiding (~> 1.2.11)
  - UITableView+FDTemplateLayoutCell (~> 1.4)

SPEC CHECKSUMS:
  AFNetworking: a0075feb321559dc78d9d85b55d11caa19eabb93
  Masonry: 281802d04d787ea2973179ee8bcb50500579ede2
  MJExtension: 5932755f451458eefa24239358817f8d291240c7
  MLTransition: 26751adac088c07e4df48c9f605cfdd767bb8afa
  MMDrawerController: e3a54a5570388463ad3b36975251575b50c4e1a0
  SDWebImage: c325cf02c30337336b95beff20a13df489ec0ec9
  TPKeyboardAvoiding: e5ce146b313de063957bfa75a13f1e9b0ff18ab7
  UITableView+FDTemplateLayoutCell: 234e1582bcc4e18461af91155123bb96538ed030

PODFILE CHECKSUM: 8f910b04e19464812a3d58ad1962722226d95f8d

COCOAPODS: 1.2.0
